<Solution>
  <Folder Name="/src/">
    <Project Path="src/ShareTheLoad.Api.LoadBalancer/ShareTheLoad.Api.LoadBalancer.csproj" />
    <Project Path="src/ShareTheLoad.Api.Product/ShareTheLoad.Api.Product.csproj" />
    <Project Path="src/ShareTheLoad.Application/ShareTheLoad.Application.csproj" />
    <Project Path="src/ShareTheLoad.Infrastructure/ShareTheLoad.Infrastructure.csproj" />
    <Project Path="src/ShareTheLoad.Domain/ShareTheLoad.Domain.csproj" />
    <Project Path="src/ShareTheLoad.Client.Monitor/ShareTheLoad.Client.Monitor.csproj" />
  </Folder>
</Solution>
