<Solution>
  <Folder Name="/src/" />
  <Folder Name="/src/API/">
    <Project Path="src/API/ShareTheLoad.Api.LoadBalancer/ShareTheLoad.Api.LoadBalancer.csproj" />
    <Project Path="src/API/ShareTheLoad.Api.Product/ShareTheLoad.Api.Product.csproj" />
  </Folder>
  <Folder Name="/src/Clients/">
    <Project Path="src/Clients/ShareTheLoad.Client.Monitor/ShareTheLoad.Client.Monitor.csproj" />
  </Folder>
</Solution>
